
Microsoft Visual Studio Solution File, Format Version 12.00
# Visual Studio 15
VisualStudioVersion = 15.0.27703.2047
MinimumVisualStudioVersion = 10.0.40219.1
Project("{FAE04EC0-301F-11D3-BF4B-00C04F79EFBC}") = "App01_ConsultaCep.Android", "App01_ConsultaCep\App01_ConsultaCep.Android\App01_ConsultaCep.Android.csproj", "{46DA2CA1-BB3E-45E1-B54F-0D84EDDD53EC}"
EndProject
Project("{FAE04EC0-301F-11D3-BF4B-00C04F79EFBC}") = "App01_ConsultaCep.iOS", "App01_ConsultaCep\App01_ConsultaCep.iOS\App01_ConsultaCep.iOS.csproj", "{D2123219-D28C-4F09-8D78-DD2E89273E88}"
EndProject
Project("{FAE04EC0-301F-11D3-BF4B-00C04F79EFBC}") = "App01_ConsultaCep.UWP", "App01_ConsultaCep\App01_ConsultaCep.UWP\App01_ConsultaCep.UWP.csproj", "{8DF7C3D2-18FF-4009-A418-E34E8D3F0D6B}"
EndProject
Project("{FAE04EC0-301F-11D3-BF4B-00C04F79EFBC}") = "App01_ConsultaCep", "App01_ConsultaCep\App01_ConsultaCep\App01_ConsultaCep.csproj", "{2E2DBCD7-E059-4139-B9F8-08A46915B28B}"
EndProject
Global
	GlobalSection(SolutionConfigurationPlatforms) = preSolution
		Ad-Hoc|Any CPU = Ad-Hoc|Any CPU
		Ad-Hoc|ARM = Ad-Hoc|ARM
		Ad-Hoc|iPhone = Ad-Hoc|iPhone
		Ad-Hoc|iPhoneSimulator = Ad-Hoc|iPhoneSimulator
		Ad-Hoc|x64 = Ad-Hoc|x64
		Ad-Hoc|x86 = Ad-Hoc|x86
		AppStore|Any CPU = AppStore|Any CPU
		AppStore|ARM = AppStore|ARM
		AppStore|iPhone = AppStore|iPhone
		AppStore|iPhoneSimulator = AppStore|iPhoneSimulator
		AppStore|x64 = AppStore|x64
		AppStore|x86 = AppStore|x86
		Debug|Any CPU = Debug|Any CPU
		Debug|ARM = Debug|ARM
		Debug|iPhone = Debug|iPhone
		Debug|iPhoneSimulator = Debug|iPhoneSimulator
		Debug|x64 = Debug|x64
		Debug|x86 = Debug|x86
		Release|Any CPU = Release|Any CPU
		Release|ARM = Release|ARM
		Release|iPhone = Release|iPhone
		Release|iPhoneSimulator = Release|iPhoneSimulator
		Release|x64 = Release|x64
		Release|x86 = Release|x86
	EndGlobalSection
	GlobalSection(ProjectConfigurationPlatforms) = postSolution
		{46DA2CA1-BB3E-45E1-B54F-0D84EDDD53EC}.Ad-Hoc|Any CPU.ActiveCfg = Release|Any CPU
		{46DA2CA1-BB3E-45E1-B54F-0D84EDDD53EC}.Ad-Hoc|Any CPU.Build.0 = Release|Any CPU
		{46DA2CA1-BB3E-45E1-B54F-0D84EDDD53EC}.Ad-Hoc|Any CPU.Deploy.0 = Release|Any CPU
		{46DA2CA1-BB3E-45E1-B54F-0D84EDDD53EC}.Ad-Hoc|ARM.ActiveCfg = Release|Any CPU
		{46DA2CA1-BB3E-45E1-B54F-0D84EDDD53EC}.Ad-Hoc|ARM.Build.0 = Release|Any CPU
		{46DA2CA1-BB3E-45E1-B54F-0D84EDDD53EC}.Ad-Hoc|ARM.Deploy.0 = Release|Any CPU
		{46DA2CA1-BB3E-45E1-B54F-0D84EDDD53EC}.Ad-Hoc|iPhone.ActiveCfg = Release|Any CPU
		{46DA2CA1-BB3E-45E1-B54F-0D84EDDD53EC}.Ad-Hoc|iPhone.Build.0 = Release|Any CPU
		{46DA2CA1-BB3E-45E1-B54F-0D84EDDD53EC}.Ad-Hoc|iPhone.Deploy.0 = Release|Any CPU
		{46DA2CA1-BB3E-45E1-B54F-0D84EDDD53EC}.Ad-Hoc|iPhoneSimulator.ActiveCfg = Release|Any CPU
		{46DA2CA1-BB3E-45E1-B54F-0D84EDDD53EC}.Ad-Hoc|iPhoneSimulator.Build.0 = Release|Any CPU
		{46DA2CA1-BB3E-45E1-B54F-0D84EDDD53EC}.Ad-Hoc|iPhoneSimulator.Deploy.0 = Release|Any CPU
		{46DA2CA1-BB3E-45E1-B54F-0D84EDDD53EC}.Ad-Hoc|x64.ActiveCfg = Release|Any CPU
		{46DA2CA1-BB3E-45E1-B54F-0D84EDDD53EC}.Ad-Hoc|x64.Build.0 = Release|Any CPU
		{46DA2CA1-BB3E-45E1-B54F-0D84EDDD53EC}.Ad-Hoc|x64.Deploy.0 = Release|Any CPU
		{46DA2CA1-BB3E-45E1-B54F-0D84EDDD53EC}.Ad-Hoc|x86.ActiveCfg = Release|Any CPU
		{46DA2CA1-BB3E-45E1-B54F-0D84EDDD53EC}.Ad-Hoc|x86.Build.0 = Release|Any CPU
		{46DA2CA1-BB3E-45E1-B54F-0D84EDDD53EC}.Ad-Hoc|x86.Deploy.0 = Release|Any CPU
		{46DA2CA1-BB3E-45E1-B54F-0D84EDDD53EC}.AppStore|Any CPU.ActiveCfg = Release|Any CPU
		{46DA2CA1-BB3E-45E1-B54F-0D84EDDD53EC}.AppStore|Any CPU.Build.0 = Release|Any CPU
		{46DA2CA1-BB3E-45E1-B54F-0D84EDDD53EC}.AppStore|Any CPU.Deploy.0 = Release|Any CPU
		{46DA2CA1-BB3E-45E1-B54F-0D84EDDD53EC}.AppStore|ARM.ActiveCfg = Release|Any CPU
		{46DA2CA1-BB3E-45E1-B54F-0D84EDDD53EC}.AppStore|ARM.Build.0 = Release|Any CPU
		{46DA2CA1-BB3E-45E1-B54F-0D84EDDD53EC}.AppStore|ARM.Deploy.0 = Release|Any CPU
		{46DA2CA1-BB3E-45E1-B54F-0D84EDDD53EC}.AppStore|iPhone.ActiveCfg = Release|Any CPU
		{46DA2CA1-BB3E-45E1-B54F-0D84EDDD53EC}.AppStore|iPhone.Build.0 = Release|Any CPU
		{46DA2CA1-BB3E-45E1-B54F-0D84EDDD53EC}.AppStore|iPhone.Deploy.0 = Release|Any CPU
		{46DA2CA1-BB3E-45E1-B54F-0D84EDDD53EC}.AppStore|iPhoneSimulator.ActiveCfg = Release|Any CPU
		{46DA2CA1-BB3E-45E1-B54F-0D84EDDD53EC}.AppStore|iPhoneSimulator.Build.0 = Release|Any CPU
		{46DA2CA1-BB3E-45E1-B54F-0D84EDDD53EC}.AppStore|iPhoneSimulator.Deploy.0 = Release|Any CPU
		{46DA2CA1-BB3E-45E1-B54F-0D84EDDD53EC}.AppStore|x64.ActiveCfg = Release|Any CPU
		{46DA2CA1-BB3E-45E1-B54F-0D84EDDD53EC}.AppStore|x64.Build.0 = Release|Any CPU
		{46DA2CA1-BB3E-45E1-B54F-0D84EDDD53EC}.AppStore|x64.Deploy.0 = Release|Any CPU
		{46DA2CA1-BB3E-45E1-B54F-0D84EDDD53EC}.AppStore|x86.ActiveCfg = Release|Any CPU
		{46DA2CA1-BB3E-45E1-B54F-0D84EDDD53EC}.AppStore|x86.Build.0 = Release|Any CPU
		{46DA2CA1-BB3E-45E1-B54F-0D84EDDD53EC}.AppStore|x86.Deploy.0 = Release|Any CPU
		{46DA2CA1-BB3E-45E1-B54F-0D84EDDD53EC}.Debug|Any CPU.ActiveCfg = Debug|Any CPU
		{46DA2CA1-BB3E-45E1-B54F-0D84EDDD53EC}.Debug|Any CPU.Build.0 = Debug|Any CPU
		{46DA2CA1-BB3E-45E1-B54F-0D84EDDD53EC}.Debug|Any CPU.Deploy.0 = Debug|Any CPU
		{46DA2CA1-BB3E-45E1-B54F-0D84EDDD53EC}.Debug|ARM.ActiveCfg = Debug|Any CPU
		{46DA2CA1-BB3E-45E1-B54F-0D84EDDD53EC}.Debug|ARM.Build.0 = Debug|Any CPU
		{46DA2CA1-BB3E-45E1-B54F-0D84EDDD53EC}.Debug|ARM.Deploy.0 = Debug|Any CPU
		{46DA2CA1-BB3E-45E1-B54F-0D84EDDD53EC}.Debug|iPhone.ActiveCfg = Debug|Any CPU
		{46DA2CA1-BB3E-45E1-B54F-0D84EDDD53EC}.Debug|iPhone.Build.0 = Debug|Any CPU
		{46DA2CA1-BB3E-45E1-B54F-0D84EDDD53EC}.Debug|iPhone.Deploy.0 = Debug|Any CPU
		{46DA2CA1-BB3E-45E1-B54F-0D84EDDD53EC}.Debug|iPhoneSimulator.ActiveCfg = Debug|Any CPU
		{46DA2CA1-BB3E-45E1-B54F-0D84EDDD53EC}.Debug|iPhoneSimulator.Build.0 = Debug|Any CPU
		{46DA2CA1-BB3E-45E1-B54F-0D84EDDD53EC}.Debug|iPhoneSimulator.Deploy.0 = Debug|Any CPU
		{46DA2CA1-BB3E-45E1-B54F-0D84EDDD53EC}.Debug|x64.ActiveCfg = Debug|Any CPU
		{46DA2CA1-BB3E-45E1-B54F-0D84EDDD53EC}.Debug|x64.Build.0 = Debug|Any CPU
		{46DA2CA1-BB3E-45E1-B54F-0D84EDDD53EC}.Debug|x64.Deploy.0 = Debug|Any CPU
		{46DA2CA1-BB3E-45E1-B54F-0D84EDDD53EC}.Debug|x86.ActiveCfg = Debug|Any CPU
		{46DA2CA1-BB3E-45E1-B54F-0D84EDDD53EC}.Debug|x86.Build.0 = Debug|Any CPU
		{46DA2CA1-BB3E-45E1-B54F-0D84EDDD53EC}.Debug|x86.Deploy.0 = Debug|Any CPU
		{46DA2CA1-BB3E-45E1-B54F-0D84EDDD53EC}.Release|Any CPU.ActiveCfg = Release|Any CPU
		{46DA2CA1-BB3E-45E1-B54F-0D84EDDD53EC}.Release|Any CPU.Build.0 = Release|Any CPU
		{46DA2CA1-BB3E-45E1-B54F-0D84EDDD53EC}.Release|Any CPU.Deploy.0 = Release|Any CPU
		{46DA2CA1-BB3E-45E1-B54F-0D84EDDD53EC}.Release|ARM.ActiveCfg = Release|Any CPU
		{46DA2CA1-BB3E-45E1-B54F-0D84EDDD53EC}.Release|ARM.Build.0 = Release|Any CPU
		{46DA2CA1-BB3E-45E1-B54F-0D84EDDD53EC}.Release|ARM.Deploy.0 = Release|Any CPU
		{46DA2CA1-BB3E-45E1-B54F-0D84EDDD53EC}.Release|iPhone.ActiveCfg = Release|Any CPU
		{46DA2CA1-BB3E-45E1-B54F-0D84EDDD53EC}.Release|iPhone.Build.0 = Release|Any CPU
		{46DA2CA1-BB3E-45E1-B54F-0D84EDDD53EC}.Release|iPhone.Deploy.0 = Release|Any CPU
		{46DA2CA1-BB3E-45E1-B54F-0D84EDDD53EC}.Release|iPhoneSimulator.ActiveCfg = Release|Any CPU
		{46DA2CA1-BB3E-45E1-B54F-0D84EDDD53EC}.Release|iPhoneSimulator.Build.0 = Release|Any CPU
		{46DA2CA1-BB3E-45E1-B54F-0D84EDDD53EC}.Release|iPhoneSimulator.Deploy.0 = Release|Any CPU
		{46DA2CA1-BB3E-45E1-B54F-0D84EDDD53EC}.Release|x64.ActiveCfg = Release|Any CPU
		{46DA2CA1-BB3E-45E1-B54F-0D84EDDD53EC}.Release|x64.Build.0 = Release|Any CPU
		{46DA2CA1-BB3E-45E1-B54F-0D84EDDD53EC}.Release|x64.Deploy.0 = Release|Any CPU
		{46DA2CA1-BB3E-45E1-B54F-0D84EDDD53EC}.Release|x86.ActiveCfg = Release|Any CPU
		{46DA2CA1-BB3E-45E1-B54F-0D84EDDD53EC}.Release|x86.Build.0 = Release|Any CPU
		{46DA2CA1-BB3E-45E1-B54F-0D84EDDD53EC}.Release|x86.Deploy.0 = Release|Any CPU
		{D2123219-D28C-4F09-8D78-DD2E89273E88}.Ad-Hoc|Any CPU.ActiveCfg = Ad-Hoc|iPhone
		{D2123219-D28C-4F09-8D78-DD2E89273E88}.Ad-Hoc|Any CPU.Build.0 = Ad-Hoc|iPhone
		{D2123219-D28C-4F09-8D78-DD2E89273E88}.Ad-Hoc|Any CPU.Deploy.0 = Ad-Hoc|iPhone
		{D2123219-D28C-4F09-8D78-DD2E89273E88}.Ad-Hoc|ARM.ActiveCfg = Ad-Hoc|iPhone
		{D2123219-D28C-4F09-8D78-DD2E89273E88}.Ad-Hoc|ARM.Build.0 = Ad-Hoc|iPhone
		{D2123219-D28C-4F09-8D78-DD2E89273E88}.Ad-Hoc|ARM.Deploy.0 = Ad-Hoc|iPhone
		{D2123219-D28C-4F09-8D78-DD2E89273E88}.Ad-Hoc|iPhone.ActiveCfg = Ad-Hoc|iPhone
		{D2123219-D28C-4F09-8D78-DD2E89273E88}.Ad-Hoc|iPhone.Build.0 = Ad-Hoc|iPhone
		{D2123219-D28C-4F09-8D78-DD2E89273E88}.Ad-Hoc|iPhone.Deploy.0 = Ad-Hoc|iPhone
		{D2123219-D28C-4F09-8D78-DD2E89273E88}.Ad-Hoc|iPhoneSimulator.ActiveCfg = Ad-Hoc|iPhoneSimulator
		{D2123219-D28C-4F09-8D78-DD2E89273E88}.Ad-Hoc|iPhoneSimulator.Build.0 = Ad-Hoc|iPhoneSimulator
		{D2123219-D28C-4F09-8D78-DD2E89273E88}.Ad-Hoc|iPhoneSimulator.Deploy.0 = Ad-Hoc|iPhoneSimulator
		{D2123219-D28C-4F09-8D78-DD2E89273E88}.Ad-Hoc|x64.ActiveCfg = Ad-Hoc|iPhone
		{D2123219-D28C-4F09-8D78-DD2E89273E88}.Ad-Hoc|x64.Build.0 = Ad-Hoc|iPhone
		{D2123219-D28C-4F09-8D78-DD2E89273E88}.Ad-Hoc|x64.Deploy.0 = Ad-Hoc|iPhone
		{D2123219-D28C-4F09-8D78-DD2E89273E88}.Ad-Hoc|x86.ActiveCfg = Ad-Hoc|iPhone
		{D2123219-D28C-4F09-8D78-DD2E89273E88}.Ad-Hoc|x86.Build.0 = Ad-Hoc|iPhone
		{D2123219-D28C-4F09-8D78-DD2E89273E88}.Ad-Hoc|x86.Deploy.0 = Ad-Hoc|iPhone
		{D2123219-D28C-4F09-8D78-DD2E89273E88}.AppStore|Any CPU.ActiveCfg = AppStore|iPhone
		{D2123219-D28C-4F09-8D78-DD2E89273E88}.AppStore|Any CPU.Build.0 = AppStore|iPhone
		{D2123219-D28C-4F09-8D78-DD2E89273E88}.AppStore|Any CPU.Deploy.0 = AppStore|iPhone
		{D2123219-D28C-4F09-8D78-DD2E89273E88}.AppStore|ARM.ActiveCfg = AppStore|iPhone
		{D2123219-D28C-4F09-8D78-DD2E89273E88}.AppStore|ARM.Build.0 = AppStore|iPhone
		{D2123219-D28C-4F09-8D78-DD2E89273E88}.AppStore|ARM.Deploy.0 = AppStore|iPhone
		{D2123219-D28C-4F09-8D78-DD2E89273E88}.AppStore|iPhone.ActiveCfg = AppStore|iPhone
		{D2123219-D28C-4F09-8D78-DD2E89273E88}.AppStore|iPhone.Build.0 = AppStore|iPhone
		{D2123219-D28C-4F09-8D78-DD2E89273E88}.AppStore|iPhone.Deploy.0 = AppStore|iPhone
		{D2123219-D28C-4F09-8D78-DD2E89273E88}.AppStore|iPhoneSimulator.ActiveCfg = AppStore|iPhoneSimulator
		{D2123219-D28C-4F09-8D78-DD2E89273E88}.AppStore|iPhoneSimulator.Build.0 = AppStore|iPhoneSimulator
		{D2123219-D28C-4F09-8D78-DD2E89273E88}.AppStore|iPhoneSimulator.Deploy.0 = AppStore|iPhoneSimulator
		{D2123219-D28C-4F09-8D78-DD2E89273E88}.AppStore|x64.ActiveCfg = AppStore|iPhone
		{D2123219-D28C-4F09-8D78-DD2E89273E88}.AppStore|x64.Build.0 = AppStore|iPhone
		{D2123219-D28C-4F09-8D78-DD2E89273E88}.AppStore|x64.Deploy.0 = AppStore|iPhone
		{D2123219-D28C-4F09-8D78-DD2E89273E88}.AppStore|x86.ActiveCfg = AppStore|iPhone
		{D2123219-D28C-4F09-8D78-DD2E89273E88}.AppStore|x86.Build.0 = AppStore|iPhone
		{D2123219-D28C-4F09-8D78-DD2E89273E88}.AppStore|x86.Deploy.0 = AppStore|iPhone
		{D2123219-D28C-4F09-8D78-DD2E89273E88}.Debug|Any CPU.ActiveCfg = Debug|iPhoneSimulator
		{D2123219-D28C-4F09-8D78-DD2E89273E88}.Debug|Any CPU.Build.0 = Debug|iPhoneSimulator
		{D2123219-D28C-4F09-8D78-DD2E89273E88}.Debug|Any CPU.Deploy.0 = Debug|iPhoneSimulator
		{D2123219-D28C-4F09-8D78-DD2E89273E88}.Debug|ARM.ActiveCfg = Debug|iPhone
		{D2123219-D28C-4F09-8D78-DD2E89273E88}.Debug|ARM.Build.0 = Debug|iPhone
		{D2123219-D28C-4F09-8D78-DD2E89273E88}.Debug|ARM.Deploy.0 = Debug|iPhone
		{D2123219-D28C-4F09-8D78-DD2E89273E88}.Debug|iPhone.ActiveCfg = Debug|iPhone
		{D2123219-D28C-4F09-8D78-DD2E89273E88}.Debug|iPhone.Build.0 = Debug|iPhone
		{D2123219-D28C-4F09-8D78-DD2E89273E88}.Debug|iPhone.Deploy.0 = Debug|iPhone
		{D2123219-D28C-4F09-8D78-DD2E89273E88}.Debug|iPhoneSimulator.ActiveCfg = Debug|iPhoneSimulator
		{D2123219-D28C-4F09-8D78-DD2E89273E88}.Debug|iPhoneSimulator.Build.0 = Debug|iPhoneSimulator
		{D2123219-D28C-4F09-8D78-DD2E89273E88}.Debug|iPhoneSimulator.Deploy.0 = Debug|iPhoneSimulator
		{D2123219-D28C-4F09-8D78-DD2E89273E88}.Debug|x64.ActiveCfg = Debug|iPhone
		{D2123219-D28C-4F09-8D78-DD2E89273E88}.Debug|x64.Build.0 = Debug|iPhone
		{D2123219-D28C-4F09-8D78-DD2E89273E88}.Debug|x64.Deploy.0 = Debug|iPhone
		{D2123219-D28C-4F09-8D78-DD2E89273E88}.Debug|x86.ActiveCfg = Debug|iPhone
		{D2123219-D28C-4F09-8D78-DD2E89273E88}.Debug|x86.Build.0 = Debug|iPhone
		{D2123219-D28C-4F09-8D78-DD2E89273E88}.Debug|x86.Deploy.0 = Debug|iPhone
		{D2123219-D28C-4F09-8D78-DD2E89273E88}.Release|Any CPU.ActiveCfg = Release|iPhone
		{D2123219-D28C-4F09-8D78-DD2E89273E88}.Release|Any CPU.Build.0 = Release|iPhone
		{D2123219-D28C-4F09-8D78-DD2E89273E88}.Release|Any CPU.Deploy.0 = Release|iPhone
		{D2123219-D28C-4F09-8D78-DD2E89273E88}.Release|ARM.ActiveCfg = Release|iPhone
		{D2123219-D28C-4F09-8D78-DD2E89273E88}.Release|ARM.Build.0 = Release|iPhone
		{D2123219-D28C-4F09-8D78-DD2E89273E88}.Release|ARM.Deploy.0 = Release|iPhone
		{D2123219-D28C-4F09-8D78-DD2E89273E88}.Release|iPhone.ActiveCfg = Release|iPhone
		{D2123219-D28C-4F09-8D78-DD2E89273E88}.Release|iPhone.Build.0 = Release|iPhone
		{D2123219-D28C-4F09-8D78-DD2E89273E88}.Release|iPhone.Deploy.0 = Release|iPhone
		{D2123219-D28C-4F09-8D78-DD2E89273E88}.Release|iPhoneSimulator.ActiveCfg = Release|iPhoneSimulator
		{D2123219-D28C-4F09-8D78-DD2E89273E88}.Release|iPhoneSimulator.Build.0 = Release|iPhoneSimulator
		{D2123219-D28C-4F09-8D78-DD2E89273E88}.Release|iPhoneSimulator.Deploy.0 = Release|iPhoneSimulator
		{D2123219-D28C-4F09-8D78-DD2E89273E88}.Release|x64.ActiveCfg = Release|iPhone
		{D2123219-D28C-4F09-8D78-DD2E89273E88}.Release|x64.Build.0 = Release|iPhone
		{D2123219-D28C-4F09-8D78-DD2E89273E88}.Release|x64.Deploy.0 = Release|iPhone
		{D2123219-D28C-4F09-8D78-DD2E89273E88}.Release|x86.ActiveCfg = Release|iPhone
		{D2123219-D28C-4F09-8D78-DD2E89273E88}.Release|x86.Build.0 = Release|iPhone
		{D2123219-D28C-4F09-8D78-DD2E89273E88}.Release|x86.Deploy.0 = Release|iPhone
		{8DF7C3D2-18FF-4009-A418-E34E8D3F0D6B}.Ad-Hoc|Any CPU.ActiveCfg = Release|x86
		{8DF7C3D2-18FF-4009-A418-E34E8D3F0D6B}.Ad-Hoc|Any CPU.Build.0 = Release|x86
		{8DF7C3D2-18FF-4009-A418-E34E8D3F0D6B}.Ad-Hoc|Any CPU.Deploy.0 = Release|x86
		{8DF7C3D2-18FF-4009-A418-E34E8D3F0D6B}.Ad-Hoc|ARM.ActiveCfg = Release|ARM
		{8DF7C3D2-18FF-4009-A418-E34E8D3F0D6B}.Ad-Hoc|ARM.Build.0 = Release|ARM
		{8DF7C3D2-18FF-4009-A418-E34E8D3F0D6B}.Ad-Hoc|ARM.Deploy.0 = Release|ARM
		{8DF7C3D2-18FF-4009-A418-E34E8D3F0D6B}.Ad-Hoc|iPhone.ActiveCfg = Release|x86
		{8DF7C3D2-18FF-4009-A418-E34E8D3F0D6B}.Ad-Hoc|iPhone.Build.0 = Release|x86
		{8DF7C3D2-18FF-4009-A418-E34E8D3F0D6B}.Ad-Hoc|iPhone.Deploy.0 = Release|x86
		{8DF7C3D2-18FF-4009-A418-E34E8D3F0D6B}.Ad-Hoc|iPhoneSimulator.ActiveCfg = Release|x86
		{8DF7C3D2-18FF-4009-A418-E34E8D3F0D6B}.Ad-Hoc|iPhoneSimulator.Build.0 = Release|x86
		{8DF7C3D2-18FF-4009-A418-E34E8D3F0D6B}.Ad-Hoc|iPhoneSimulator.Deploy.0 = Release|x86
		{8DF7C3D2-18FF-4009-A418-E34E8D3F0D6B}.Ad-Hoc|x64.ActiveCfg = Release|x64
		{8DF7C3D2-18FF-4009-A418-E34E8D3F0D6B}.Ad-Hoc|x64.Build.0 = Release|x64
		{8DF7C3D2-18FF-4009-A418-E34E8D3F0D6B}.Ad-Hoc|x64.Deploy.0 = Release|x64
		{8DF7C3D2-18FF-4009-A418-E34E8D3F0D6B}.Ad-Hoc|x86.ActiveCfg = Release|x86
		{8DF7C3D2-18FF-4009-A418-E34E8D3F0D6B}.Ad-Hoc|x86.Build.0 = Release|x86
		{8DF7C3D2-18FF-4009-A418-E34E8D3F0D6B}.Ad-Hoc|x86.Deploy.0 = Release|x86
		{8DF7C3D2-18FF-4009-A418-E34E8D3F0D6B}.AppStore|Any CPU.ActiveCfg = Release|x86
		{8DF7C3D2-18FF-4009-A418-E34E8D3F0D6B}.AppStore|Any CPU.Build.0 = Release|x86
		{8DF7C3D2-18FF-4009-A418-E34E8D3F0D6B}.AppStore|Any CPU.Deploy.0 = Release|x86
		{8DF7C3D2-18FF-4009-A418-E34E8D3F0D6B}.AppStore|ARM.ActiveCfg = Release|ARM
		{8DF7C3D2-18FF-4009-A418-E34E8D3F0D6B}.AppStore|ARM.Build.0 = Release|ARM
		{8DF7C3D2-18FF-4009-A418-E34E8D3F0D6B}.AppStore|ARM.Deploy.0 = Release|ARM
		{8DF7C3D2-18FF-4009-A418-E34E8D3F0D6B}.AppStore|iPhone.ActiveCfg = Release|x86
		{8DF7C3D2-18FF-4009-A418-E34E8D3F0D6B}.AppStore|iPhone.Build.0 = Release|x86
		{8DF7C3D2-18FF-4009-A418-E34E8D3F0D6B}.AppStore|iPhone.Deploy.0 = Release|x86
		{8DF7C3D2-18FF-4009-A418-E34E8D3F0D6B}.AppStore|iPhoneSimulator.ActiveCfg = Release|x86
		{8DF7C3D2-18FF-4009-A418-E34E8D3F0D6B}.AppStore|iPhoneSimulator.Build.0 = Release|x86
		{8DF7C3D2-18FF-4009-A418-E34E8D3F0D6B}.AppStore|iPhoneSimulator.Deploy.0 = Release|x86
		{8DF7C3D2-18FF-4009-A418-E34E8D3F0D6B}.AppStore|x64.ActiveCfg = Release|x64
		{8DF7C3D2-18FF-4009-A418-E34E8D3F0D6B}.AppStore|x64.Build.0 = Release|x64
		{8DF7C3D2-18FF-4009-A418-E34E8D3F0D6B}.AppStore|x64.Deploy.0 = Release|x64
		{8DF7C3D2-18FF-4009-A418-E34E8D3F0D6B}.AppStore|x86.ActiveCfg = Release|x86
		{8DF7C3D2-18FF-4009-A418-E34E8D3F0D6B}.AppStore|x86.Build.0 = Release|x86
		{8DF7C3D2-18FF-4009-A418-E34E8D3F0D6B}.AppStore|x86.Deploy.0 = Release|x86
		{8DF7C3D2-18FF-4009-A418-E34E8D3F0D6B}.Debug|Any CPU.ActiveCfg = Debug|x86
		{8DF7C3D2-18FF-4009-A418-E34E8D3F0D6B}.Debug|Any CPU.Build.0 = Debug|x86
		{8DF7C3D2-18FF-4009-A418-E34E8D3F0D6B}.Debug|Any CPU.Deploy.0 = Debug|x86
		{8DF7C3D2-18FF-4009-A418-E34E8D3F0D6B}.Debug|ARM.ActiveCfg = Debug|ARM
		{8DF7C3D2-18FF-4009-A418-E34E8D3F0D6B}.Debug|ARM.Build.0 = Debug|ARM
		{8DF7C3D2-18FF-4009-A418-E34E8D3F0D6B}.Debug|ARM.Deploy.0 = Debug|ARM
		{8DF7C3D2-18FF-4009-A418-E34E8D3F0D6B}.Debug|iPhone.ActiveCfg = Debug|x86
		{8DF7C3D2-18FF-4009-A418-E34E8D3F0D6B}.Debug|iPhone.Build.0 = Debug|x86
		{8DF7C3D2-18FF-4009-A418-E34E8D3F0D6B}.Debug|iPhone.Deploy.0 = Debug|x86
		{8DF7C3D2-18FF-4009-A418-E34E8D3F0D6B}.Debug|iPhoneSimulator.ActiveCfg = Debug|x86
		{8DF7C3D2-18FF-4009-A418-E34E8D3F0D6B}.Debug|iPhoneSimulator.Build.0 = Debug|x86
		{8DF7C3D2-18FF-4009-A418-E34E8D3F0D6B}.Debug|iPhoneSimulator.Deploy.0 = Debug|x86
		{8DF7C3D2-18FF-4009-A418-E34E8D3F0D6B}.Debug|x64.ActiveCfg = Debug|x64
		{8DF7C3D2-18FF-4009-A418-E34E8D3F0D6B}.Debug|x64.Build.0 = Debug|x64
		{8DF7C3D2-18FF-4009-A418-E34E8D3F0D6B}.Debug|x64.Deploy.0 = Debug|x64
		{8DF7C3D2-18FF-4009-A418-E34E8D3F0D6B}.Debug|x86.ActiveCfg = Debug|x86
		{8DF7C3D2-18FF-4009-A418-E34E8D3F0D6B}.Debug|x86.Build.0 = Debug|x86
		{8DF7C3D2-18FF-4009-A418-E34E8D3F0D6B}.Debug|x86.Deploy.0 = Debug|x86
		{8DF7C3D2-18FF-4009-A418-E34E8D3F0D6B}.Release|Any CPU.ActiveCfg = Release|x86
		{8DF7C3D2-18FF-4009-A418-E34E8D3F0D6B}.Release|Any CPU.Build.0 = Release|x86
		{8DF7C3D2-18FF-4009-A418-E34E8D3F0D6B}.Release|Any CPU.Deploy.0 = Release|x86
		{8DF7C3D2-18FF-4009-A418-E34E8D3F0D6B}.Release|ARM.ActiveCfg = Release|ARM
		{8DF7C3D2-18FF-4009-A418-E34E8D3F0D6B}.Release|ARM.Build.0 = Release|ARM
		{8DF7C3D2-18FF-4009-A418-E34E8D3F0D6B}.Release|ARM.Deploy.0 = Release|ARM
		{8DF7C3D2-18FF-4009-A418-E34E8D3F0D6B}.Release|iPhone.ActiveCfg = Release|x86
		{8DF7C3D2-18FF-4009-A418-E34E8D3F0D6B}.Release|iPhone.Build.0 = Release|x86
		{8DF7C3D2-18FF-4009-A418-E34E8D3F0D6B}.Release|iPhone.Deploy.0 = Release|x86
		{8DF7C3D2-18FF-4009-A418-E34E8D3F0D6B}.Release|iPhoneSimulator.ActiveCfg = Release|x86
		{8DF7C3D2-18FF-4009-A418-E34E8D3F0D6B}.Release|iPhoneSimulator.Build.0 = Release|x86
		{8DF7C3D2-18FF-4009-A418-E34E8D3F0D6B}.Release|iPhoneSimulator.Deploy.0 = Release|x86
		{8DF7C3D2-18FF-4009-A418-E34E8D3F0D6B}.Release|x64.ActiveCfg = Release|x64
		{8DF7C3D2-18FF-4009-A418-E34E8D3F0D6B}.Release|x64.Build.0 = Release|x64
		{8DF7C3D2-18FF-4009-A418-E34E8D3F0D6B}.Release|x64.Deploy.0 = Release|x64
		{8DF7C3D2-18FF-4009-A418-E34E8D3F0D6B}.Release|x86.ActiveCfg = Release|x86
		{8DF7C3D2-18FF-4009-A418-E34E8D3F0D6B}.Release|x86.Build.0 = Release|x86
		{8DF7C3D2-18FF-4009-A418-E34E8D3F0D6B}.Release|x86.Deploy.0 = Release|x86
		{2E2DBCD7-E059-4139-B9F8-08A46915B28B}.Ad-Hoc|Any CPU.ActiveCfg = Debug|Any CPU
		{2E2DBCD7-E059-4139-B9F8-08A46915B28B}.Ad-Hoc|Any CPU.Build.0 = Debug|Any CPU
		{2E2DBCD7-E059-4139-B9F8-08A46915B28B}.Ad-Hoc|Any CPU.Deploy.0 = Debug|Any CPU
		{2E2DBCD7-E059-4139-B9F8-08A46915B28B}.Ad-Hoc|ARM.ActiveCfg = Debug|Any CPU
		{2E2DBCD7-E059-4139-B9F8-08A46915B28B}.Ad-Hoc|ARM.Build.0 = Debug|Any CPU
		{2E2DBCD7-E059-4139-B9F8-08A46915B28B}.Ad-Hoc|ARM.Deploy.0 = Debug|Any CPU
		{2E2DBCD7-E059-4139-B9F8-08A46915B28B}.Ad-Hoc|iPhone.ActiveCfg = Debug|Any CPU
		{2E2DBCD7-E059-4139-B9F8-08A46915B28B}.Ad-Hoc|iPhone.Build.0 = Debug|Any CPU
		{2E2DBCD7-E059-4139-B9F8-08A46915B28B}.Ad-Hoc|iPhone.Deploy.0 = Debug|Any CPU
		{2E2DBCD7-E059-4139-B9F8-08A46915B28B}.Ad-Hoc|iPhoneSimulator.ActiveCfg = Debug|Any CPU
		{2E2DBCD7-E059-4139-B9F8-08A46915B28B}.Ad-Hoc|iPhoneSimulator.Build.0 = Debug|Any CPU
		{2E2DBCD7-E059-4139-B9F8-08A46915B28B}.Ad-Hoc|iPhoneSimulator.Deploy.0 = Debug|Any CPU
		{2E2DBCD7-E059-4139-B9F8-08A46915B28B}.Ad-Hoc|x64.ActiveCfg = Debug|Any CPU
		{2E2DBCD7-E059-4139-B9F8-08A46915B28B}.Ad-Hoc|x64.Build.0 = Debug|Any CPU
		{2E2DBCD7-E059-4139-B9F8-08A46915B28B}.Ad-Hoc|x64.Deploy.0 = Debug|Any CPU
		{2E2DBCD7-E059-4139-B9F8-08A46915B28B}.Ad-Hoc|x86.ActiveCfg = Debug|Any CPU
		{2E2DBCD7-E059-4139-B9F8-08A46915B28B}.Ad-Hoc|x86.Build.0 = Debug|Any CPU
		{2E2DBCD7-E059-4139-B9F8-08A46915B28B}.Ad-Hoc|x86.Deploy.0 = Debug|Any CPU
		{2E2DBCD7-E059-4139-B9F8-08A46915B28B}.AppStore|Any CPU.ActiveCfg = Debug|Any CPU
		{2E2DBCD7-E059-4139-B9F8-08A46915B28B}.AppStore|Any CPU.Build.0 = Debug|Any CPU
		{2E2DBCD7-E059-4139-B9F8-08A46915B28B}.AppStore|Any CPU.Deploy.0 = Debug|Any CPU
		{2E2DBCD7-E059-4139-B9F8-08A46915B28B}.AppStore|ARM.ActiveCfg = Debug|Any CPU
		{2E2DBCD7-E059-4139-B9F8-08A46915B28B}.AppStore|ARM.Build.0 = Debug|Any CPU
		{2E2DBCD7-E059-4139-B9F8-08A46915B28B}.AppStore|ARM.Deploy.0 = Debug|Any CPU
		{2E2DBCD7-E059-4139-B9F8-08A46915B28B}.AppStore|iPhone.ActiveCfg = Debug|Any CPU
		{2E2DBCD7-E059-4139-B9F8-08A46915B28B}.AppStore|iPhone.Build.0 = Debug|Any CPU
		{2E2DBCD7-E059-4139-B9F8-08A46915B28B}.AppStore|iPhone.Deploy.0 = Debug|Any CPU
		{2E2DBCD7-E059-4139-B9F8-08A46915B28B}.AppStore|iPhoneSimulator.ActiveCfg = Debug|Any CPU
		{2E2DBCD7-E059-4139-B9F8-08A46915B28B}.AppStore|iPhoneSimulator.Build.0 = Debug|Any CPU
		{2E2DBCD7-E059-4139-B9F8-08A46915B28B}.AppStore|iPhoneSimulator.Deploy.0 = Debug|Any CPU
		{2E2DBCD7-E059-4139-B9F8-08A46915B28B}.AppStore|x64.ActiveCfg = Debug|Any CPU
		{2E2DBCD7-E059-4139-B9F8-08A46915B28B}.AppStore|x64.Build.0 = Debug|Any CPU
		{2E2DBCD7-E059-4139-B9F8-08A46915B28B}.AppStore|x64.Deploy.0 = Debug|Any CPU
		{2E2DBCD7-E059-4139-B9F8-08A46915B28B}.AppStore|x86.ActiveCfg = Debug|Any CPU
		{2E2DBCD7-E059-4139-B9F8-08A46915B28B}.AppStore|x86.Build.0 = Debug|Any CPU
		{2E2DBCD7-E059-4139-B9F8-08A46915B28B}.AppStore|x86.Deploy.0 = Debug|Any CPU
		{2E2DBCD7-E059-4139-B9F8-08A46915B28B}.Debug|Any CPU.ActiveCfg = Debug|Any CPU
		{2E2DBCD7-E059-4139-B9F8-08A46915B28B}.Debug|Any CPU.Build.0 = Debug|Any CPU
		{2E2DBCD7-E059-4139-B9F8-08A46915B28B}.Debug|Any CPU.Deploy.0 = Debug|Any CPU
		{2E2DBCD7-E059-4139-B9F8-08A46915B28B}.Debug|ARM.ActiveCfg = Debug|Any CPU
		{2E2DBCD7-E059-4139-B9F8-08A46915B28B}.Debug|ARM.Build.0 = Debug|Any CPU
		{2E2DBCD7-E059-4139-B9F8-08A46915B28B}.Debug|ARM.Deploy.0 = Debug|Any CPU
		{2E2DBCD7-E059-4139-B9F8-08A46915B28B}.Debug|iPhone.ActiveCfg = Debug|Any CPU
		{2E2DBCD7-E059-4139-B9F8-08A46915B28B}.Debug|iPhone.Build.0 = Debug|Any CPU
		{2E2DBCD7-E059-4139-B9F8-08A46915B28B}.Debug|iPhone.Deploy.0 = Debug|Any CPU
		{2E2DBCD7-E059-4139-B9F8-08A46915B28B}.Debug|iPhoneSimulator.ActiveCfg = Debug|Any CPU
		{2E2DBCD7-E059-4139-B9F8-08A46915B28B}.Debug|iPhoneSimulator.Build.0 = Debug|Any CPU
		{2E2DBCD7-E059-4139-B9F8-08A46915B28B}.Debug|iPhoneSimulator.Deploy.0 = Debug|Any CPU
		{2E2DBCD7-E059-4139-B9F8-08A46915B28B}.Debug|x64.ActiveCfg = Debug|Any CPU
		{2E2DBCD7-E059-4139-B9F8-08A46915B28B}.Debug|x64.Build.0 = Debug|Any CPU
		{2E2DBCD7-E059-4139-B9F8-08A46915B28B}.Debug|x64.Deploy.0 = Debug|Any CPU
		{2E2DBCD7-E059-4139-B9F8-08A46915B28B}.Debug|x86.ActiveCfg = Debug|Any CPU
		{2E2DBCD7-E059-4139-B9F8-08A46915B28B}.Debug|x86.Build.0 = Debug|Any CPU
		{2E2DBCD7-E059-4139-B9F8-08A46915B28B}.Debug|x86.Deploy.0 = Debug|Any CPU
		{2E2DBCD7-E059-4139-B9F8-08A46915B28B}.Release|Any CPU.ActiveCfg = Release|Any CPU
		{2E2DBCD7-E059-4139-B9F8-08A46915B28B}.Release|Any CPU.Build.0 = Release|Any CPU
		{2E2DBCD7-E059-4139-B9F8-08A46915B28B}.Release|Any CPU.Deploy.0 = Release|Any CPU
		{2E2DBCD7-E059-4139-B9F8-08A46915B28B}.Release|ARM.ActiveCfg = Release|Any CPU
		{2E2DBCD7-E059-4139-B9F8-08A46915B28B}.Release|ARM.Build.0 = Release|Any CPU
		{2E2DBCD7-E059-4139-B9F8-08A46915B28B}.Release|ARM.Deploy.0 = Release|Any CPU
		{2E2DBCD7-E059-4139-B9F8-08A46915B28B}.Release|iPhone.ActiveCfg = Release|Any CPU
		{2E2DBCD7-E059-4139-B9F8-08A46915B28B}.Release|iPhone.Build.0 = Release|Any CPU
		{2E2DBCD7-E059-4139-B9F8-08A46915B28B}.Release|iPhone.Deploy.0 = Release|Any CPU
		{2E2DBCD7-E059-4139-B9F8-08A46915B28B}.Release|iPhoneSimulator.ActiveCfg = Release|Any CPU
		{2E2DBCD7-E059-4139-B9F8-08A46915B28B}.Release|iPhoneSimulator.Build.0 = Release|Any CPU
		{2E2DBCD7-E059-4139-B9F8-08A46915B28B}.Release|iPhoneSimulator.Deploy.0 = Release|Any CPU
		{2E2DBCD7-E059-4139-B9F8-08A46915B28B}.Release|x64.ActiveCfg = Release|Any CPU
		{2E2DBCD7-E059-4139-B9F8-08A46915B28B}.Release|x64.Build.0 = Release|Any CPU
		{2E2DBCD7-E059-4139-B9F8-08A46915B28B}.Release|x64.Deploy.0 = Release|Any CPU
		{2E2DBCD7-E059-4139-B9F8-08A46915B28B}.Release|x86.ActiveCfg = Release|Any CPU
		{2E2DBCD7-E059-4139-B9F8-08A46915B28B}.Release|x86.Build.0 = Release|Any CPU
		{2E2DBCD7-E059-4139-B9F8-08A46915B28B}.Release|x86.Deploy.0 = Release|Any CPU
	EndGlobalSection
	GlobalSection(SolutionProperties) = preSolution
		HideSolutionNode = FALSE
	EndGlobalSection
	GlobalSection(ExtensibilityGlobals) = postSolution
		SolutionGuid = {D6CF8341-5803-4095-8D27-2157EDDBEEC6}
	EndGlobalSection
EndGlobal
